
Microsoft Visual Studio Solution File, Format Version 12.00
# Visual Studio Version 17
VisualStudioVersion = 17.11.35222.181
MinimumVisualStudioVersion = 10.0.40219.1
Project("{FAE04EC0-301F-11D3-BF4B-00C04F79EFBC}") = "DatabaseUpdater", "DatabaseUpdater\DatabaseUpdater.csproj", "{B46AC9CD-192A-49B8-A039-20D73B3DB9AD}"
EndProject
Global
	GlobalSection(SolutionConfigurationPlatforms) = preSolution
		Debug|Any CPU = Debug|Any CPU
		Release|Any CPU = Release|Any CPU
	EndGlobalSection
	GlobalSection(ProjectConfigurationPlatforms) = postSolution
		{B46AC9CD-192A-49B8-A039-20D73B3DB9AD}.Debug|Any CPU.ActiveCfg = Debug|Any CPU
		{B46AC9CD-192A-49B8-A039-20D73B3DB9AD}.Debug|Any CPU.Build.0 = Debug|Any CPU
		{B46AC9CD-192A-49B8-A039-20D73B3DB9AD}.Release|Any CPU.ActiveCfg = Release|Any CPU
		{B46AC9CD-192A-49B8-A039-20D73B3DB9AD}.Release|Any CPU.Build.0 = Release|Any CPU
	EndGlobalSection
	GlobalSection(SolutionProperties) = preSolution
		HideSolutionNode = FALSE
	EndGlobalSection
	GlobalSection(ExtensibilityGlobals) = postSolution
		SolutionGuid = {A5129ECA-7CB3-4AEB-8C5C-EF742185CC76}
	EndGlobalSection
EndGlobal
